{
  "name": "sefinek",
  "version": "1.0.0",
  "lockfileVersion": 3,
  "requires": true,
  "packages": {
    "": {
      "name": "sefinek",
      "version": "1.0.0",
      "license": "ISC",
      "devDependencies": {
        "@eslint/js": "^9.25.1",
        "globals": "^16.0.0"
      }
    },
    "node_modules/@eslint/js": {
      "version": "9.25.1",
      "resolved": "https://registry.npmjs.org/@eslint/js/-/js-9.25.1.tgz",
      "integrity": "sha512-dEIwmjntEx8u3Uvv+kr3PDeeArL8Hw07H9kyYxCjnM9pBjfEhk6uLXSchxxzgiwtRhhzVzqmUSDFBOi1TuZ7qg==",
      "dev": true,
      "license": "MIT",
      "engines": {
        "node": "^18.18.0 || ^20.9.0 || >=21.1.0"
      }
    },
    "node_modules/globals": {
      "version": "16.0.0",
      "resolved": "https://registry.npmjs.org/globals/-/globals-16.0.0.tgz",
      "integrity": "sha512-iInW14XItCXET01CQFqudPOWP2jYMl7T+QRQT+UNcR/iQncN/F0UNpgd76iFkBPgNQb4+X3LV9tLJYzwh+Gl3A==",
      "dev": true,
      "license": "MIT",
      "engines": {
        "node": ">=18"
      },
      "funding": {
        "url": "https://github.com/sponsors/sindresorhus"
      }
    }
  }
}
